
Microsoft Visual Studio Solution File, Format Version 12.00
# Visual Studio Version 17
VisualStudioVersion = 17.9.34622.214
MinimumVisualStudioVersion = 10.0.40219.1
Project("{FAE04EC0-301F-11D3-BF4B-00C04F79EFBC}") = "Readify", "Readify\Readify.csproj", "{5699D695-6286-4D84-B80F-0538E702FCBC}"
EndProject
Global
	GlobalSection(SolutionConfigurationPlatforms) = preSolution
		Debug|Any CPU = Debug|Any CPU
		Release|Any CPU = Release|Any CPU
	EndGlobalSection
	GlobalSection(ProjectConfigurationPlatforms) = postSolution
		{5699D695-6286-4D84-B80F-0538E702FCBC}.Debug|Any CPU.ActiveCfg = Debug|Any CPU
		{5699D695-6286-4D84-B80F-0538E702FCBC}.Debug|Any CPU.Build.0 = Debug|Any CPU
		{5699D695-6286-4D84-B80F-0538E702FCBC}.Release|Any CPU.ActiveCfg = Release|Any CPU
		{5699D695-6286-4D84-B80F-0538E702FCBC}.Release|Any CPU.Build.0 = Release|Any CPU
	EndGlobalSection
	GlobalSection(SolutionProperties) = preSolution
		HideSolutionNode = FALSE
	EndGlobalSection
	GlobalSection(ExtensibilityGlobals) = postSolution
		SolutionGuid = {FB650B9A-A018-4E8F-802A-CA539BBD8BDD}
	EndGlobalSection
EndGlobal
